// !$*UTF8*$!
{
	archiveVersion = 1;
	classes = {
	};
	objectVersion = 46;
	objects = {

/* Begin PBXBuildFile section */
		182962E5C7CA91D333624AEC /* Pods_DaXing.framework in Frameworks */ = {isa = PBXBuildFile; fileRef = CE64C4BCA7D354B116EC010C /* Pods_DaXing.framework */; };
		251A4B192C9969AA7C9B5CAF /* Pods_DaXingUITests.framework in Frameworks */ = {isa = PBXBuildFile; fileRef = 425AE99FC9E64A2D12B74A26 /* Pods_DaXingUITests.framework */; };
		D670DFFF03415F571274191C /* Pods_DaXingTests.framework in Frameworks */ = {isa = PBXBuildFile; fileRef = FB084D23679C90397ED3AEDA /* Pods_DaXingTests.framework */; };
		ED32060A1CE97572009EF5D3 /* AppDelegate.swift in Sources */ = {isa = PBXBuildFile; fileRef = ED3206091CE97572009EF5D3 /* AppDelegate.swift */; };
		ED32060C1CE97572009EF5D3 /* ViewController.swift in Sources */ = {isa = PBXBuildFile; fileRef = ED32060B1CE97572009EF5D3 /* ViewController.swift */; };
		ED32060F1CE97572009EF5D3 /* Main.storyboard in Resources */ = {isa = PBXBuildFile; fileRef = ED32060D1CE97572009EF5D3 /* Main.storyboard */; };
		ED3206111CE97572009EF5D3 /* Assets.xcassets in Resources */ = {isa = PBXBuildFile; fileRef = ED3206101CE97572009EF5D3 /* Assets.xcassets */; };
		ED3206141CE97572009EF5D3 /* LaunchScreen.storyboard in Resources */ = {isa = PBXBuildFile; fileRef = ED3206121CE97572009EF5D3 /* LaunchScreen.storyboard */; };
		ED32061F1CE97572009EF5D3 /* DaXingTests.swift in Sources */ = {isa = PBXBuildFile; fileRef = ED32061E1CE97572009EF5D3 /* DaXingTests.swift */; };
		ED32062A1CE97572009EF5D3 /* DaXingUITests.swift in Sources */ = {isa = PBXBuildFile; fileRef = ED3206291CE97572009EF5D3 /* DaXingUITests.swift */; };
		ED32063A1CE97834009EF5D3 /* QuestionCell.swift in Sources */ = {isa = PBXBuildFile; fileRef = ED3206391CE97834009EF5D3 /* QuestionCell.swift */; };
/* End PBXBuildFile section */

/* Begin PBXContainerItemProxy section */
		ED32061B1CE97572009EF5D3 /* PBXContainerItemProxy */ = {
			isa = PBXContainerItemProxy;
			containerPortal = ED3205FE1CE97572009EF5D3 /* Project object */;
			proxyType = 1;
			remoteGlobalIDString = ED3206051CE97572009EF5D3;
			remoteInfo = DaXing;
		};
		ED3206261CE97572009EF5D3 /* PBXContainerItemProxy */ = {
			isa = PBXContainerItemProxy;
			containerPortal = ED3205FE1CE97572009EF5D3 /* Project object */;
			proxyType = 1;
			remoteGlobalIDString = ED3206051CE97572009EF5D3;
			remoteInfo = DaXing;
		};
/* End PBXContainerItemProxy section */

/* Begin PBXFileReference section */
		3C91AA1BC9B909ADCA3E75A1 /* Pods-DaXing.debug.xcconfig */ = {isa = PBXFileReference; includeInIndex = 1; lastKnownFileType = text.xcconfig; name = "Pods-DaXing.debug.xcconfig"; path = "Pods/Target Support Files/Pods-DaXing/Pods-DaXing.debug.xcconfig"; sourceTree = "<group>"; };
		425AE99FC9E64A2D12B74A26 /* Pods_DaXingUITests.framework */ = {isa = PBXFileReference; explicitFileType = wrapper.framework; includeInIndex = 0; path = Pods_DaXingUITests.framework; sourceTree = BUILT_PRODUCTS_DIR; };
		48D7E1EFBA564B23D4FFDAB9 /* Pods-DaXingTests.release.xcconfig */ = {isa = PBXFileReference; includeInIndex = 1; lastKnownFileType = text.xcconfig; name = "Pods-DaXingTests.release.xcconfig"; path = "Pods/Target Support Files/Pods-DaXingTests/Pods-DaXingTests.release.xcconfig"; sourceTree = "<group>"; };
		4B3EB5678315093A5703BD59 /* Pods-DaXingTests.debug.xcconfig */ = {isa = PBXFileReference; includeInIndex = 1; lastKnownFileType = text.xcconfig; name = "Pods-DaXingTests.debug.xcconfig"; path = "Pods/Target Support Files/Pods-DaXingTests/Pods-DaXingTests.debug.xcconfig"; sourceTree = "<group>"; };
		4FDE2BF622FFCECE1206DDF2 /* Pods-DaXingUITests.release.xcconfig */ = {isa = PBXFileReference; includeInIndex = 1; lastKnownFileType = text.xcconfig; name = "Pods-DaXingUITests.release.xcconfig"; path = "Pods/Target Support Files/Pods-DaXingUITests/Pods-DaXingUITests.release.xcconfig"; sourceTree = "<group>"; };
		C2B719DDCFCB0D1743643D42 /* Pods-DaXingUITests.debug.xcconfig */ = {isa = PBXFileReference; includeInIndex = 1; lastKnownFileType = text.xcconfig; name = "Pods-DaXingUITests.debug.xcconfig"; path = "Pods/Target Support Files/Pods-DaXingUITests/Pods-DaXingUITests.debug.xcconfig"; sourceTree = "<group>"; };
		CE64C4BCA7D354B116EC010C /* Pods_DaXing.framework */ = {isa = PBXFileReference; explicitFileType = wrapper.framework; includeInIndex = 0; path = Pods_DaXing.framework; sourceTree = BUILT_PRODUCTS_DIR; };
		ED3206061CE97572009EF5D3 /* DaXing.app */ = {isa = PBXFileReference; explicitFileType = wrapper.application; includeInIndex = 0; path = DaXing.app; sourceTree = BUILT_PRODUCTS_DIR; };
		ED3206091CE97572009EF5D3 /* AppDelegate.swift */ = {isa = PBXFileReference; lastKnownFileType = sourcecode.swift; path = AppDelegate.swift; sourceTree = "<group>"; };
		ED32060B1CE97572009EF5D3 /* ViewController.swift */ = {isa = PBXFileReference; lastKnownFileType = sourcecode.swift; path = ViewController.swift; sourceTree = "<group>"; };
		ED32060E1CE97572009EF5D3 /* Base */ = {isa = PBXFileReference; lastKnownFileType = file.storyboard; name = Base; path = Base.lproj/Main.storyboard; sourceTree = "<group>"; };
		ED3206101CE97572009EF5D3 /* Assets.xcassets */ = {isa = PBXFileReference; lastKnownFileType = folder.assetcatalog; path = Assets.xcassets; sourceTree = "<group>"; };
		ED3206131CE97572009EF5D3 /* Base */ = {isa = PBXFileReference; lastKnownFileType = file.storyboard; name = Base; path = Base.lproj/LaunchScreen.storyboard; sourceTree = "<group>"; };
		ED3206151CE97572009EF5D3 /* Info.plist */ = {isa = PBXFileReference; lastKnownFileType = text.plist.xml; path = Info.plist; sourceTree = "<group>"; };
		ED32061A1CE97572009EF5D3 /* DaXingTests.xctest */ = {isa = PBXFileReference; explicitFileType = wrapper.cfbundle; includeInIndex = 0; path = DaXingTests.xctest; sourceTree = BUILT_PRODUCTS_DIR; };
		ED32061E1CE97572009EF5D3 /* DaXingTests.swift */ = {isa = PBXFileReference; lastKnownFileType = sourcecode.swift; path = DaXingTests.swift; sourceTree = "<group>"; };
		ED3206201CE97572009EF5D3 /* Info.plist */ = {isa = PBXFileReference; lastKnownFileType = text.plist.xml; path = Info.plist; sourceTree = "<group>"; };
		ED3206251CE97572009EF5D3 /* DaXingUITests.xctest */ = {isa = PBXFileReference; explicitFileType = wrapper.cfbundle; includeInIndex = 0; path = DaXingUITests.xctest; sourceTree = BUILT_PRODUCTS_DIR; };
		ED3206291CE97572009EF5D3 /* DaXingUITests.swift */ = {isa = PBXFileReference; lastKnownFileType = sourcecode.swift; path = DaXingUITests.swift; sourceTree = "<group>"; };
		ED32062B1CE97572009EF5D3 /* Info.plist */ = {isa = PBXFileReference; lastKnownFileType = text.plist.xml; path = Info.plist; sourceTree = "<group>"; };
		ED3206391CE97834009EF5D3 /* QuestionCell.swift */ = {isa = PBXFileReference; fileEncoding = 4; lastKnownFileType = sourcecode.swift; path = QuestionCell.swift; sourceTree = "<group>"; };
		F38522BCA75AED55453231B7 /* Pods-DaXing.release.xcconfig */ = {isa = PBXFileReference; includeInIndex = 1; lastKnownFileType = text.xcconfig; name = "Pods-DaXing.release.xcconfig"; path = "Pods/Target Support Files/Pods-DaXing/Pods-DaXing.release.xcconfig"; sourceTree = "<group>"; };
		FB084D23679C90397ED3AEDA /* Pods_DaXingTests.framework */ = {isa = PBXFileReference; explicitFileType = wrapper.framework; includeInIndex = 0; path = Pods_DaXingTests.framework; sourceTree = BUILT_PRODUCTS_DIR; };
/* End PBXFileReference section */

/* Begin PBXFrameworksBuildPhase section */
		ED3206031CE97572009EF5D3 /* Frameworks */ = {
			isa = PBXFrameworksBuildPhase;
			buildActionMask = 2147483647;
			files = (
				182962E5C7CA91D333624AEC /* Pods_DaXing.framework in Frameworks */,
			);
			runOnlyForDeploymentPostprocessing = 0;
		};
		ED3206171CE97572009EF5D3 /* Frameworks */ = {
			isa = PBXFrameworksBuildPhase;
			buildActionMask = 2147483647;
			files = (
				D670DFFF03415F571274191C /* Pods_DaXingTests.framework in Frameworks */,
			);
			runOnlyForDeploymentPostprocessing = 0;
		};
		ED3206221CE97572009EF5D3 /* Frameworks */ = {
			isa = PBXFrameworksBuildPhase;
			buildActionMask = 2147483647;
			files = (
				251A4B192C9969AA7C9B5CAF /* Pods_DaXingUITests.framework in Frameworks */,
			);
			runOnlyForDeploymentPostprocessing = 0;
		};
/* End PBXFrameworksBuildPhase section */

/* Begin PBXGroup section */
		384A47A6771785CE7F7F6316 /* Pods */ = {
			isa = PBXGroup;
			children = (
				3C91AA1BC9B909ADCA3E75A1 /* Pods-DaXing.debug.xcconfig */,
				F38522BCA75AED55453231B7 /* Pods-DaXing.release.xcconfig */,
				4B3EB5678315093A5703BD59 /* Pods-DaXingTests.debug.xcconfig */,
				48D7E1EFBA564B23D4FFDAB9 /* Pods-DaXingTests.release.xcconfig */,
				C2B719DDCFCB0D1743643D42 /* Pods-DaXingUITests.debug.xcconfig */,
				4FDE2BF622FFCECE1206DDF2 /* Pods-DaXingUITests.release.xcconfig */,
			);
			name = Pods;
			sourceTree = "<group>";
		};
		A185D59E96F668071F9F85BC /* Frameworks */ = {
			isa = PBXGroup;
			children = (
				CE64C4BCA7D354B116EC010C /* Pods_DaXing.framework */,
				FB084D23679C90397ED3AEDA /* Pods_DaXingTests.framework */,
				425AE99FC9E64A2D12B74A26 /* Pods_DaXingUITests.framework */,
			);
			name = Frameworks;
			sourceTree = "<group>";
		};
		ED3205FD1CE97572009EF5D3 = {
			isa = PBXGroup;
			children = (
				ED3206081CE97572009EF5D3 /* DaXing */,
				ED32061D1CE97572009EF5D3 /* DaXingTests */,
				ED3206281CE97572009EF5D3 /* DaXingUITests */,
				ED3206071CE97572009EF5D3 /* Products */,
				384A47A6771785CE7F7F6316 /* Pods */,
				A185D59E96F668071F9F85BC /* Frameworks */,
			);
			sourceTree = "<group>";
		};
		ED3206071CE97572009EF5D3 /* Products */ = {
			isa = PBXGroup;
			children = (
				ED3206061CE97572009EF5D3 /* DaXing.app */,
				ED32061A1CE97572009EF5D3 /* DaXingTests.xctest */,
				ED3206251CE97572009EF5D3 /* DaXingUITests.xctest */,
			);
			name = Products;
			sourceTree = "<group>";
		};
		ED3206081CE97572009EF5D3 /* DaXing */ = {
			isa = PBXGroup;
			children = (
				ED3206381CE9780F009EF5D3 /* view */,
				ED3206371CE97805009EF5D3 /* controller */,
				ED3206091CE97572009EF5D3 /* AppDelegate.swift */,
				ED32060D1CE97572009EF5D3 /* Main.storyboard */,
				ED3206101CE97572009EF5D3 /* Assets.xcassets */,
				ED3206121CE97572009EF5D3 /* LaunchScreen.storyboard */,
				ED3206151CE97572009EF5D3 /* Info.plist */,
			);
			path = DaXing;
			sourceTree = "<group>";
		};
		ED32061D1CE97572009EF5D3 /* DaXingTests */ = {
			isa = PBXGroup;
			children = (
				ED32061E1CE97572009EF5D3 /* DaXingTests.swift */,
				ED3206201CE97572009EF5D3 /* Info.plist */,
			);
			path = DaXingTests;
			sourceTree = "<group>";
		};
		ED3206281CE97572009EF5D3 /* DaXingUITests */ = {
			isa = PBXGroup;
			children = (
				ED3206291CE97572009EF5D3 /* DaXingUITests.swift */,
				ED32062B1CE97572009EF5D3 /* Info.plist */,
			);
			path = DaXingUITests;
			sourceTree = "<group>";
		};
		ED3206371CE97805009EF5D3 /* controller */ = {
			isa = PBXGroup;
			children = (
				ED32060B1CE97572009EF5D3 /* ViewController.swift */,
			);
			name = controller;
			sourceTree = "<group>";
		};
		ED3206381CE9780F009EF5D3 /* view */ = {
			isa = PBXGroup;
			children = (
				ED3206391CE97834009EF5D3 /* QuestionCell.swift */,
			);
			name = view;
			sourceTree = "<group>";
		};
/* End PBXGroup section */

/* Begin PBXNativeTarget section */
		ED3206051CE97572009EF5D3 /* DaXing */ = {
			isa = PBXNativeTarget;
			buildConfigurationList = ED32062E1CE97572009EF5D3 /* Build configuration list for PBXNativeTarget "DaXing" */;
			buildPhases = (
				6CA2212F4186FE0EE4D08A40 /* 📦 Check Pods Manifest.lock */,
				ED3206021CE97572009EF5D3 /* Sources */,
				ED3206031CE97572009EF5D3 /* Frameworks */,
				ED3206041CE97572009EF5D3 /* Resources */,
				C33FB56949B75E6B24FEC4AF /* 📦 Embed Pods Frameworks */,
				01093F5894E065A9E68C4521 /* 📦 Copy Pods Resources */,
			);
			buildRules = (
			);
			dependencies = (
			);
			name = DaXing;
			productName = DaXing;
			productReference = ED3206061CE97572009EF5D3 /* DaXing.app */;
			productType = "com.apple.product-type.application";
		};
		ED3206191CE97572009EF5D3 /* DaXingTests */ = {
			isa = PBXNativeTarget;
			buildConfigurationList = ED3206311CE97572009EF5D3 /* Build configuration list for PBXNativeTarget "DaXingTests" */;
			buildPhases = (
				B532092CFC64E8319DD38F50 /* 📦 Check Pods Manifest.lock */,
				ED3206161CE97572009EF5D3 /* Sources */,
				ED3206171CE97572009EF5D3 /* Frameworks */,
				ED3206181CE97572009EF5D3 /* Resources */,
				D7C160F26848689BC6B31417 /* 📦 Embed Pods Frameworks */,
				B982B25E7C4464D7FFB7A815 /* 📦 Copy Pods Resources */,
			);
			buildRules = (
			);
			dependencies = (
				ED32061C1CE97572009EF5D3 /* PBXTargetDependency */,
			);
			name = DaXingTests;
			productName = DaXingTests;
			productReference = ED32061A1CE97572009EF5D3 /* DaXingTests.xctest */;
			productType = "com.apple.product-type.bundle.unit-test";
		};
		ED3206241CE97572009EF5D3 /* DaXingUITests */ = {
			isa = PBXNativeTarget;
			buildConfigurationList = ED3206341CE97572009EF5D3 /* Build configuration list for PBXNativeTarget "DaXingUITests" */;
			buildPhases = (
				D85821E243524A3B1B300E5A /* 📦 Check Pods Manifest.lock */,
				ED3206211CE97572009EF5D3 /* Sources */,
				ED3206221CE97572009EF5D3 /* Frameworks */,
				ED3206231CE97572009EF5D3 /* Resources */,
				220942CA23E99C00F70C8439 /* 📦 Copy Pods Resources */,
			);
			buildRules = (
			);
			dependencies = (
				ED3206271CE97572009EF5D3 /* PBXTargetDependency */,
			);
			name = DaXingUITests;
			productName = DaXingUITests;
			productReference = ED3206251CE97572009EF5D3 /* DaXingUITests.xctest */;
			productType = "com.apple.product-type.bundle.ui-testing";
		};
/* End PBXNativeTarget section */

/* Begin PBXProject section */
		ED3205FE1CE97572009EF5D3 /* Project object */ = {
			isa = PBXProject;
			attributes = {
				LastSwiftUpdateCheck = 0710;
				LastUpgradeCheck = 0710;
				ORGANIZATIONNAME = Ant;
				TargetAttributes = {
					ED3206051CE97572009EF5D3 = {
						CreatedOnToolsVersion = 7.1.1;
						DevelopmentTeam = QAJ8TGG4GT;
					};
					ED3206191CE97572009EF5D3 = {
						CreatedOnToolsVersion = 7.1.1;
						DevelopmentTeam = QAJ8TGG4GT;
						TestTargetID = ED3206051CE97572009EF5D3;
					};
					ED3206241CE97572009EF5D3 = {
						CreatedOnToolsVersion = 7.1.1;
						DevelopmentTeam = QAJ8TGG4GT;
						TestTargetID = ED3206051CE97572009EF5D3;
					};
				};
			};
			buildConfigurationList = ED3206011CE97572009EF5D3 /* Build configuration list for PBXProject "DaXing" */;
			compatibilityVersion = "Xcode 3.2";
			developmentRegion = English;
			hasScannedForEncodings = 0;
			knownRegions = (
				en,
				Base,
			);
			mainGroup = ED3205FD1CE97572009EF5D3;
			productRefGroup = ED3206071CE97572009EF5D3 /* Products */;
			projectDirPath = "";
			projectRoot = "";
			targets = (
				ED3206051CE97572009EF5D3 /* DaXing */,
				ED3206191CE97572009EF5D3 /* DaXingTests */,
				ED3206241CE97572009EF5D3 /* DaXingUITests */,
			);
		};
/* End PBXProject section */

/* Begin PBXResourcesBuildPhase section */
		ED3206041CE97572009EF5D3 /* Resources */ = {
			isa = PBXResourcesBuildPhase;
			buildActionMask = 2147483647;
			files = (
				ED3206141CE97572009EF5D3 /* LaunchScreen.storyboard in Resources */,
				ED3206111CE97572009EF5D3 /* Assets.xcassets in Resources */,
				ED32060F1CE97572009EF5D3 /* Main.storyboard in Resources */,
			);
			runOnlyForDeploymentPostprocessing = 0;
		};
		ED3206181CE97572009EF5D3 /* Resources */ = {
			isa = PBXResourcesBuildPhase;
			buildActionMask = 2147483647;
			files = (
			);
			runOnlyForDeploymentPostprocessing = 0;
		};
		ED3206231CE97572009EF5D3 /* Resources */ = {
			isa = PBXResourcesBuildPhase;
			buildActionMask = 2147483647;
			files = (
			);
			runOnlyForDeploymentPostprocessing = 0;
		};
/* End PBXResourcesBuildPhase section */

/* Begin PBXShellScriptBuildPhase section */
		01093F5894E065A9E68C4521 /* 📦 Copy Pods Resources */ = {
			isa = PBXShellScriptBuildPhase;
			buildActionMask = 2147483647;
			files = (
			);
			inputPaths = (
			);
			name = "📦 Copy Pods Resources";
			outputPaths = (
			);
			runOnlyForDeploymentPostprocessing = 0;
			shellPath = /bin/sh;
			shellScript = "\"${SRCROOT}/Pods/Target Support Files/Pods-DaXing/Pods-DaXing-resources.sh\"\n";
			showEnvVarsInLog = 0;
		};
		220942CA23E99C00F70C8439 /* 📦 Copy Pods Resources */ = {
			isa = PBXShellScriptBuildPhase;
			buildActionMask = 2147483647;
			files = (
			);
			inputPaths = (
			);
			name = "📦 Copy Pods Resources";
			outputPaths = (
			);
			runOnlyForDeploymentPostprocessing = 0;
			shellPath = /bin/sh;
			shellScript = "\"${SRCROOT}/Pods/Target Support Files/Pods-DaXingUITests/Pods-DaXingUITests-resources.sh\"\n";
			showEnvVarsInLog = 0;
		};
		6CA2212F4186FE0EE4D08A40 /* 📦 Check Pods Manifest.lock */ = {
			isa = PBXShellScriptBuildPhase;
			buildActionMask = 2147483647;
			files = (
			);
			inputPaths = (
			);
			name = "📦 Check Pods Manifest.lock";
			outputPaths = (
			);
			runOnlyForDeploymentPostprocessing = 0;
			shellPath = /bin/sh;
			shellScript = "diff \"${PODS_ROOT}/../Podfile.lock\" \"${PODS_ROOT}/Manifest.lock\" > /dev/null\nif [[ $? != 0 ]] ; then\n    cat << EOM\nerror: The sandbox is not in sync with the Podfile.lock. Run 'pod install' or update your CocoaPods installation.\nEOM\n    exit 1\nfi\n";
			showEnvVarsInLog = 0;
		};
		B532092CFC64E8319DD38F50 /* 📦 Check Pods Manifest.lock */ = {
			isa = PBXShellScriptBuildPhase;
			buildActionMask = 2147483647;
			files = (
			);
			inputPaths = (
			);
			name = "📦 Check Pods Manifest.lock";
			outputPaths = (
			);
			runOnlyForDeploymentPostprocessing = 0;
			shellPath = /bin/sh;
			shellScript = "diff \"${PODS_ROOT}/../Podfile.lock\" \"${PODS_ROOT}/Manifest.lock\" > /dev/null\nif [[ $? != 0 ]] ; then\n    cat << EOM\nerror: The sandbox is not in sync with the Podfile.lock. Run 'pod install' or update your CocoaPods installation.\nEOM\n    exit 1\nfi\n";
			showEnvVarsInLog = 0;
		};
		B982B25E7C4464D7FFB7A815 /* 📦 Copy Pods Resources */ = {
			isa = PBXShellScriptBuildPhase;
			buildActionMask = 2147483647;
			files = (
			);
			inputPaths = (
			);
			name = "📦 Copy Pods Resources";
			outputPaths = (
			);
			runOnlyForDeploymentPostprocessing = 0;
			shellPath = /bin/sh;
			shellScript = "\"${SRCROOT}/Pods/Target Support Files/Pods-DaXingTests/Pods-DaXingTests-resources.sh\"\n";
			showEnvVarsInLog = 0;
		};
		C33FB56949B75E6B24FEC4AF /* 📦 Embed Pods Frameworks */ = {
			isa = PBXShellScriptBuildPhase;
			buildActionMask = 2147483647;
			files = (
			);
			inputPaths = (
			);
			name = "📦 Embed Pods Frameworks";
			outputPaths = (
			);
			runOnlyForDeploymentPostprocessing = 0;
			shellPath = /bin/sh;
			shellScript = "\"${SRCROOT}/Pods/Target Support Files/Pods-DaXing/Pods-DaXing-frameworks.sh\"\n";
			showEnvVarsInLog = 0;
		};
		D7C160F26848689BC6B31417 /* 📦 Embed Pods Frameworks */ = {
			isa = PBXShellScriptBuildPhase;
			buildActionMask = 2147483647;
			files = (
			);
			inputPaths = (
			);
			name = "📦 Embed Pods Frameworks";
			outputPaths = (
			);
			runOnlyForDeploymentPostprocessing = 0;
			shellPath = /bin/sh;
			shellScript = "\"${SRCROOT}/Pods/Target Support Files/Pods-DaXingTests/Pods-DaXingTests-frameworks.sh\"\n";
			showEnvVarsInLog = 0;
		};
		D85821E243524A3B1B300E5A /* 📦 Check Pods Manifest.lock */ = {
			isa = PBXShellScriptBuildPhase;
			buildActionMask = 2147483647;
			files = (
			);
			inputPaths = (
			);
			name = "📦 Check Pods Manifest.lock";
			outputPaths = (
			);
			runOnlyForDeploymentPostprocessing = 0;
			shellPath = /bin/sh;
			shellScript = "diff \"${PODS_ROOT}/../Podfile.lock\" \"${PODS_ROOT}/Manifest.lock\" > /dev/null\nif [[ $? != 0 ]] ; then\n    cat << EOM\nerror: The sandbox is not in sync with the Podfile.lock. Run 'pod install' or update your CocoaPods installation.\nEOM\n    exit 1\nfi\n";
			showEnvVarsInLog = 0;
		};
/* End PBXShellScriptBuildPhase section */

/* Begin PBXSourcesBuildPhase section */
		ED3206021CE97572009EF5D3 /* Sources */ = {
			isa = PBXSourcesBuildPhase;
			buildActionMask = 2147483647;
			files = (
				ED32063A1CE97834009EF5D3 /* QuestionCell.swift in Sources */,
				ED32060C1CE97572009EF5D3 /* ViewController.swift in Sources */,
				ED32060A1CE97572009EF5D3 /* AppDelegate.swift in Sources */,
			);
			runOnlyForDeploymentPostprocessing = 0;
		};
		ED3206161CE97572009EF5D3 /* Sources */ = {
			isa = PBXSourcesBuildPhase;
			buildActionMask = 2147483647;
			files = (
				ED32061F1CE97572009EF5D3 /* DaXingTests.swift in Sources */,
			);
			runOnlyForDeploymentPostprocessing = 0;
		};
		ED3206211CE97572009EF5D3 /* Sources */ = {
			isa = PBXSourcesBuildPhase;
			buildActionMask = 2147483647;
			files = (
				ED32062A1CE97572009EF5D3 /* DaXingUITests.swift in Sources */,
			);
			runOnlyForDeploymentPostprocessing = 0;
		};
/* End PBXSourcesBuildPhase section */

/* Begin PBXTargetDependency section */
		ED32061C1CE97572009EF5D3 /* PBXTargetDependency */ = {
			isa = PBXTargetDependency;
			target = ED3206051CE97572009EF5D3 /* DaXing */;
			targetProxy = ED32061B1CE97572009EF5D3 /* PBXContainerItemProxy */;
		};
		ED3206271CE97572009EF5D3 /* PBXTargetDependency */ = {
			isa = PBXTargetDependency;
			target = ED3206051CE97572009EF5D3 /* DaXing */;
			targetProxy = ED3206261CE97572009EF5D3 /* PBXContainerItemProxy */;
		};
/* End PBXTargetDependency section */

/* Begin PBXVariantGroup section */
		ED32060D1CE97572009EF5D3 /* Main.storyboard */ = {
			isa = PBXVariantGroup;
			children = (
				ED32060E1CE97572009EF5D3 /* Base */,
			);
			name = Main.storyboard;
			sourceTree = "<group>";
		};
		ED3206121CE97572009EF5D3 /* LaunchScreen.storyboard */ = {
			isa = PBXVariantGroup;
			children = (
				ED3206131CE97572009EF5D3 /* Base */,
			);
			name = LaunchScreen.storyboard;
			sourceTree = "<group>";
		};
/* End PBXVariantGroup section */

/* Begin XCBuildConfiguration section */
		ED32062C1CE97572009EF5D3 /* Debug */ = {
			isa = XCBuildConfiguration;
			buildSettings = {
				ALWAYS_SEARCH_USER_PATHS = NO;
				CLANG_CXX_LANGUAGE_STANDARD = "gnu++0x";
				CLANG_CXX_LIBRARY = "libc++";
				CLANG_ENABLE_MODULES = YES;
				CLANG_ENABLE_OBJC_ARC = YES;
				CLANG_WARN_BOOL_CONVERSION = YES;
				CLANG_WARN_CONSTANT_CONVERSION = YES;
				CLANG_WARN_DIRECT_OBJC_ISA_USAGE = YES_ERROR;
				CLANG_WARN_EMPTY_BODY = YES;
				CLANG_WARN_ENUM_CONVERSION = YES;
				CLANG_WARN_INT_CONVERSION = YES;
				CLANG_WARN_OBJC_ROOT_CLASS = YES_ERROR;
				CLANG_WARN_UNREACHABLE_CODE = YES;
				CLANG_WARN__DUPLICATE_METHOD_MATCH = YES;
				"CODE_SIGN_IDENTITY[sdk=iphoneos*]" = "iPhone Developer";
				COPY_PHASE_STRIP = NO;
				DEBUG_INFORMATION_FORMAT = dwarf;
				ENABLE_STRICT_OBJC_MSGSEND = YES;
				ENABLE_TESTABILITY = YES;
				GCC_C_LANGUAGE_STANDARD = gnu99;
				GCC_DYNAMIC_NO_PIC = NO;
				GCC_NO_COMMON_BLOCKS = YES;
				GCC_OPTIMIZATION_LEVEL = 0;
				GCC_PREPROCESSOR_DEFINITIONS = (
					"DEBUG=1",
					"$(inherited)",
				);
				GCC_WARN_64_TO_32_BIT_CONVERSION = YES;
				GCC_WARN_ABOUT_RETURN_TYPE = YES_ERROR;
				GCC_WARN_UNDECLARED_SELECTOR = YES;
				GCC_WARN_UNINITIALIZED_AUTOS = YES_AGGRESSIVE;
				GCC_WARN_UNUSED_FUNCTION = YES;
				GCC_WARN_UNUSED_VARIABLE = YES;
				IPHONEOS_DEPLOYMENT_TARGET = 9.1;
				MTL_ENABLE_DEBUG_INFO = YES;
				ONLY_ACTIVE_ARCH = YES;
				SDKROOT = iphoneos;
				SWIFT_OPTIMIZATION_LEVEL = "-Onone";
				TARGETED_DEVICE_FAMILY = "1,2";
			};
			name = Debug;
		};
		ED32062D1CE97572009EF5D3 /* Release */ = {
			isa = XCBuildConfiguration;
			buildSettings = {
				ALWAYS_SEARCH_USER_PATHS = NO;
				CLANG_CXX_LANGUAGE_STANDARD = "gnu++0x";
				CLANG_CXX_LIBRARY = "libc++";
				CLANG_ENABLE_MODULES = YES;
				CLANG_ENABLE_OBJC_ARC = YES;
				CLANG_WARN_BOOL_CONVERSION = YES;
				CLANG_WARN_CONSTANT_CONVERSION = YES;
				CLANG_WARN_DIRECT_OBJC_ISA_USAGE = YES_ERROR;
				CLANG_WARN_EMPTY_BODY = YES;
				CLANG_WARN_ENUM_CONVERSION = YES;
				CLANG_WARN_INT_CONVERSION = YES;
				CLANG_WARN_OBJC_ROOT_CLASS = YES_ERROR;
				CLANG_WARN_UNREACHABLE_CODE = YES;
				CLANG_WARN__DUPLICATE_METHOD_MATCH = YES;
				"CODE_SIGN_IDENTITY[sdk=iphoneos*]" = "iPhone Developer";
				COPY_PHASE_STRIP = NO;
				DEBUG_INFORMATION_FORMAT = "dwarf-with-dsym";
				ENABLE_NS_ASSERTIONS = NO;
				ENABLE_STRICT_OBJC_MSGSEND = YES;
				GCC_C_LANGUAGE_STANDARD = gnu99;
				GCC_NO_COMMON_BLOCKS = YES;
				GCC_WARN_64_TO_32_BIT_CONVERSION = YES;
				GCC_WARN_ABOUT_RETURN_TYPE = YES_ERROR;
				GCC_WARN_UNDECLARED_SELECTOR = YES;
				GCC_WARN_UNINITIALIZED_AUTOS = YES_AGGRESSIVE;
				GCC_WARN_UNUSED_FUNCTION = YES;
				GCC_WARN_UNUSED_VARIABLE = YES;
				IPHONEOS_DEPLOYMENT_TARGET = 9.1;
				MTL_ENABLE_DEBUG_INFO = NO;
				SDKROOT = iphoneos;
				TARGETED_DEVICE_FAMILY = "1,2";
				VALIDATE_PRODUCT = YES;
			};
			name = Release;
		};
		ED32062F1CE97572009EF5D3 /* Debug */ = {
			isa = XCBuildConfiguration;
			baseConfigurationReference = 3C91AA1BC9B909ADCA3E75A1 /* Pods-DaXing.debug.xcconfig */;
			buildSettings = {
				ASSETCATALOG_COMPILER_APPICON_NAME = AppIcon;
				INFOPLIST_FILE = DaXing/Info.plist;
				LD_RUNPATH_SEARCH_PATHS = "$(inherited) @executable_path/Frameworks";
				PRODUCT_BUNDLE_IDENTIFIER = pw.chengkang.DaXing;
				PRODUCT_NAME = "$(TARGET_NAME)";
			};
			name = Debug;
		};
		ED3206301CE97572009EF5D3 /* Release */ = {
			isa = XCBuildConfiguration;
			baseConfigurationReference = F38522BCA75AED55453231B7 /* Pods-DaXing.release.xcconfig */;
			buildSettings = {
				ASSETCATALOG_COMPILER_APPICON_NAME = AppIcon;
				INFOPLIST_FILE = DaXing/Info.plist;
				LD_RUNPATH_SEARCH_PATHS = "$(inherited) @executable_path/Frameworks";
				PRODUCT_BUNDLE_IDENTIFIER = pw.chengkang.DaXing;
				PRODUCT_NAME = "$(TARGET_NAME)";
			};
			name = Release;
		};
		ED3206321CE97572009EF5D3 /* Debug */ = {
			isa = XCBuildConfiguration;
			baseConfigurationReference = 4B3EB5678315093A5703BD59 /* Pods-DaXingTests.debug.xcconfig */;
			buildSettings = {
				BUNDLE_LOADER = "$(TEST_HOST)";
				INFOPLIST_FILE = DaXingTests/Info.plist;
				LD_RUNPATH_SEARCH_PATHS = "$(inherited) @executable_path/Frameworks @loader_path/Frameworks";
				PRODUCT_BUNDLE_IDENTIFIER = pw.chengkang.DaXingTests;
				PRODUCT_NAME = "$(TARGET_NAME)";
				TEST_HOST = "$(BUILT_PRODUCTS_DIR)/DaXing.app/DaXing";
			};
			name = Debug;
		};
		ED3206331CE97572009EF5D3 /* Release */ = {
			isa = XCBuildConfiguration;
			baseConfigurationReference = 48D7E1EFBA564B23D4FFDAB9 /* Pods-DaXingTests.release.xcconfig */;
			buildSettings = {
				BUNDLE_LOADER = "$(TEST_HOST)";
				INFOPLIST_FILE = DaXingTests/Info.plist;
				LD_RUNPATH_SEARCH_PATHS = "$(inherited) @executable_path/Frameworks @loader_path/Frameworks";
				PRODUCT_BUNDLE_IDENTIFIER = pw.chengkang.DaXingTests;
				PRODUCT_NAME = "$(TARGET_NAME)";
				TEST_HOST = "$(BUILT_PRODUCTS_DIR)/DaXing.app/DaXing";
			};
			name = Release;
		};
		ED3206351CE97572009EF5D3 /* Debug */ = {
			isa = XCBuildConfiguration;
			baseConfigurationReference = C2B719DDCFCB0D1743643D42 /* Pods-DaXingUITests.debug.xcconfig */;
			buildSettings = {
				INFOPLIST_FILE = DaXingUITests/Info.plist;
				LD_RUNPATH_SEARCH_PATHS = "$(inherited) @executable_path/Frameworks @loader_path/Frameworks";
				PRODUCT_BUNDLE_IDENTIFIER = pw.chengkang.DaXingUITests;
				PRODUCT_NAME = "$(TARGET_NAME)";
				TEST_TARGET_NAME = DaXing;
				USES_XCTRUNNER = YES;
			};
			name = Debug;
		};
		ED3206361CE97572009EF5D3 /* Release */ = {
			isa = XCBuildConfiguration;
			baseConfigurationReference = 4FDE2BF622FFCECE1206DDF2 /* Pods-DaXingUITests.release.xcconfig */;
			buildSettings = {
				INFOPLIST_FILE = DaXingUITests/Info.plist;
				LD_RUNPATH_SEARCH_PATHS = "$(inherited) @executable_path/Frameworks @loader_path/Frameworks";
				PRODUCT_BUNDLE_IDENTIFIER = pw.chengkang.DaXingUITests;
				PRODUCT_NAME = "$(TARGET_NAME)";
				TEST_TARGET_NAME = DaXing;
				USES_XCTRUNNER = YES;
			};
			name = Release;
		};
/* End XCBuildConfiguration section */

/* Begin XCConfigurationList section */
		ED3206011CE97572009EF5D3 /* Build configuration list for PBXProject "DaXing" */ = {
			isa = XCConfigurationList;
			buildConfigurations = (
				ED32062C1CE97572009EF5D3 /* Debug */,
				ED32062D1CE97572009EF5D3 /* Release */,
			);
			defaultConfigurationIsVisible = 0;
			defaultConfigurationName = Release;
		};
		ED32062E1CE97572009EF5D3 /* Build configuration list for PBXNativeTarget "DaXing" */ = {
			isa = XCConfigurationList;
			buildConfigurations = (
				ED32062F1CE97572009EF5D3 /* Debug */,
				ED3206301CE97572009EF5D3 /* Release */,
			);
			defaultConfigurationIsVisible = 0;
			defaultConfigurationName = Release;
		};
		ED3206311CE97572009EF5D3 /* Build configuration list for PBXNativeTarget "DaXingTests" */ = {
			isa = XCConfigurationList;
			buildConfigurations = (
				ED3206321CE97572009EF5D3 /* Debug */,
				ED3206331CE97572009EF5D3 /* Release */,
			);
			defaultConfigurationIsVisible = 0;
			defaultConfigurationName = Release;
		};
		ED3206341CE97572009EF5D3 /* Build configuration list for PBXNativeTarget "DaXingUITests" */ = {
			isa = XCConfigurationList;
			buildConfigurations = (
				ED3206351CE97572009EF5D3 /* Debug */,
				ED3206361CE97572009EF5D3 /* Release */,
			);
			defaultConfigurationIsVisible = 0;
			defaultConfigurationName = Release;
		};
/* End XCConfigurationList section */
	};
	rootObject = ED3205FE1CE97572009EF5D3 /* Project object */;
}
