// !$*UTF8*$!
{
	archiveVersion = 1;
	classes = {
	};
	objectVersion = 46;
	objects = {

/* Begin PBXBuildFile section */
		EDB3F00D1C9372180000C8DD /* AppDelegate.swift in Sources */ = {isa = PBXBuildFile; fileRef = EDB3F00C1C9372180000C8DD /* AppDelegate.swift */; };
		EDB3F00F1C9372180000C8DD /* ViewController.swift in Sources */ = {isa = PBXBuildFile; fileRef = EDB3F00E1C9372180000C8DD /* ViewController.swift */; };
		EDB3F0121C9372180000C8DD /* Main.storyboard in Resources */ = {isa = PBXBuildFile; fileRef = EDB3F0101C9372180000C8DD /* Main.storyboard */; };
		EDB3F0141C9372180000C8DD /* Assets.xcassets in Resources */ = {isa = PBXBuildFile; fileRef = EDB3F0131C9372180000C8DD /* Assets.xcassets */; };
		EDB3F0171C9372180000C8DD /* LaunchScreen.storyboard in Resources */ = {isa = PBXBuildFile; fileRef = EDB3F0151C9372180000C8DD /* LaunchScreen.storyboard */; };
		EDB3F0221C9372180000C8DD /* My_Rock_PetTests.swift in Sources */ = {isa = PBXBuildFile; fileRef = EDB3F0211C9372180000C8DD /* My_Rock_PetTests.swift */; };
		EDB3F02D1C9372180000C8DD /* My_Rock_PetUITests.swift in Sources */ = {isa = PBXBuildFile; fileRef = EDB3F02C1C9372180000C8DD /* My_Rock_PetUITests.swift */; };
		EDB3F03F1C9372F10000C8DD /* bite.wav in Resources */ = {isa = PBXBuildFile; fileRef = EDB3F03A1C9372F10000C8DD /* bite.wav */; };
		EDB3F0401C9372F10000C8DD /* cave-music.mp3 in Resources */ = {isa = PBXBuildFile; fileRef = EDB3F03B1C9372F10000C8DD /* cave-music.mp3 */; };
		EDB3F0411C9372F10000C8DD /* death.wav in Resources */ = {isa = PBXBuildFile; fileRef = EDB3F03C1C9372F10000C8DD /* death.wav */; };
		EDB3F0421C9372F10000C8DD /* heart.wav in Resources */ = {isa = PBXBuildFile; fileRef = EDB3F03D1C9372F10000C8DD /* heart.wav */; };
		EDB3F0431C9372F10000C8DD /* skull.wav in Resources */ = {isa = PBXBuildFile; fileRef = EDB3F03E1C9372F10000C8DD /* skull.wav */; };
		EDB3F0451C9381090000C8DD /* Pet.swift in Sources */ = {isa = PBXBuildFile; fileRef = EDB3F0441C9381090000C8DD /* Pet.swift */; };
		EDB3F0471C9385510000C8DD /* DraggableImage.swift in Sources */ = {isa = PBXBuildFile; fileRef = EDB3F0461C9385510000C8DD /* DraggableImage.swift */; };
/* End PBXBuildFile section */

/* Begin PBXContainerItemProxy section */
		EDB3F01E1C9372180000C8DD /* PBXContainerItemProxy */ = {
			isa = PBXContainerItemProxy;
			containerPortal = EDB3F0011C9372180000C8DD /* Project object */;
			proxyType = 1;
			remoteGlobalIDString = EDB3F0081C9372180000C8DD;
			remoteInfo = "My Rock Pet";
		};
		EDB3F0291C9372180000C8DD /* PBXContainerItemProxy */ = {
			isa = PBXContainerItemProxy;
			containerPortal = EDB3F0011C9372180000C8DD /* Project object */;
			proxyType = 1;
			remoteGlobalIDString = EDB3F0081C9372180000C8DD;
			remoteInfo = "My Rock Pet";
		};
/* End PBXContainerItemProxy section */

/* Begin PBXFileReference section */
		EDB3F0091C9372180000C8DD /* My Rock Pet.app */ = {isa = PBXFileReference; explicitFileType = wrapper.application; includeInIndex = 0; path = "My Rock Pet.app"; sourceTree = BUILT_PRODUCTS_DIR; };
		EDB3F00C1C9372180000C8DD /* AppDelegate.swift */ = {isa = PBXFileReference; lastKnownFileType = sourcecode.swift; path = AppDelegate.swift; sourceTree = "<group>"; };
		EDB3F00E1C9372180000C8DD /* ViewController.swift */ = {isa = PBXFileReference; lastKnownFileType = sourcecode.swift; path = ViewController.swift; sourceTree = "<group>"; };
		EDB3F0111C9372180000C8DD /* Base */ = {isa = PBXFileReference; lastKnownFileType = file.storyboard; name = Base; path = Base.lproj/Main.storyboard; sourceTree = "<group>"; };
		EDB3F0131C9372180000C8DD /* Assets.xcassets */ = {isa = PBXFileReference; lastKnownFileType = folder.assetcatalog; path = Assets.xcassets; sourceTree = "<group>"; };
		EDB3F0161C9372180000C8DD /* Base */ = {isa = PBXFileReference; lastKnownFileType = file.storyboard; name = Base; path = Base.lproj/LaunchScreen.storyboard; sourceTree = "<group>"; };
		EDB3F0181C9372180000C8DD /* Info.plist */ = {isa = PBXFileReference; lastKnownFileType = text.plist.xml; path = Info.plist; sourceTree = "<group>"; };
		EDB3F01D1C9372180000C8DD /* My Rock PetTests.xctest */ = {isa = PBXFileReference; explicitFileType = wrapper.cfbundle; includeInIndex = 0; path = "My Rock PetTests.xctest"; sourceTree = BUILT_PRODUCTS_DIR; };
		EDB3F0211C9372180000C8DD /* My_Rock_PetTests.swift */ = {isa = PBXFileReference; lastKnownFileType = sourcecode.swift; path = My_Rock_PetTests.swift; sourceTree = "<group>"; };
		EDB3F0231C9372180000C8DD /* Info.plist */ = {isa = PBXFileReference; lastKnownFileType = text.plist.xml; path = Info.plist; sourceTree = "<group>"; };
		EDB3F0281C9372180000C8DD /* My Rock PetUITests.xctest */ = {isa = PBXFileReference; explicitFileType = wrapper.cfbundle; includeInIndex = 0; path = "My Rock PetUITests.xctest"; sourceTree = BUILT_PRODUCTS_DIR; };
		EDB3F02C1C9372180000C8DD /* My_Rock_PetUITests.swift */ = {isa = PBXFileReference; lastKnownFileType = sourcecode.swift; path = My_Rock_PetUITests.swift; sourceTree = "<group>"; };
		EDB3F02E1C9372180000C8DD /* Info.plist */ = {isa = PBXFileReference; lastKnownFileType = text.plist.xml; path = Info.plist; sourceTree = "<group>"; };
		EDB3F03A1C9372F10000C8DD /* bite.wav */ = {isa = PBXFileReference; lastKnownFileType = audio.wav; path = bite.wav; sourceTree = "<group>"; };
		EDB3F03B1C9372F10000C8DD /* cave-music.mp3 */ = {isa = PBXFileReference; lastKnownFileType = audio.mp3; path = "cave-music.mp3"; sourceTree = "<group>"; };
		EDB3F03C1C9372F10000C8DD /* death.wav */ = {isa = PBXFileReference; lastKnownFileType = audio.wav; path = death.wav; sourceTree = "<group>"; };
		EDB3F03D1C9372F10000C8DD /* heart.wav */ = {isa = PBXFileReference; lastKnownFileType = audio.wav; path = heart.wav; sourceTree = "<group>"; };
		EDB3F03E1C9372F10000C8DD /* skull.wav */ = {isa = PBXFileReference; lastKnownFileType = audio.wav; path = skull.wav; sourceTree = "<group>"; };
		EDB3F0441C9381090000C8DD /* Pet.swift */ = {isa = PBXFileReference; fileEncoding = 4; lastKnownFileType = sourcecode.swift; path = Pet.swift; sourceTree = "<group>"; };
		EDB3F0461C9385510000C8DD /* DraggableImage.swift */ = {isa = PBXFileReference; fileEncoding = 4; lastKnownFileType = sourcecode.swift; path = DraggableImage.swift; sourceTree = "<group>"; };
/* End PBXFileReference section */

/* Begin PBXFrameworksBuildPhase section */
		EDB3F0061C9372180000C8DD /* Frameworks */ = {
			isa = PBXFrameworksBuildPhase;
			buildActionMask = 2147483647;
			files = (
			);
			runOnlyForDeploymentPostprocessing = 0;
		};
		EDB3F01A1C9372180000C8DD /* Frameworks */ = {
			isa = PBXFrameworksBuildPhase;
			buildActionMask = 2147483647;
			files = (
			);
			runOnlyForDeploymentPostprocessing = 0;
		};
		EDB3F0251C9372180000C8DD /* Frameworks */ = {
			isa = PBXFrameworksBuildPhase;
			buildActionMask = 2147483647;
			files = (
			);
			runOnlyForDeploymentPostprocessing = 0;
		};
/* End PBXFrameworksBuildPhase section */

/* Begin PBXGroup section */
		EDB3F0001C9372180000C8DD = {
			isa = PBXGroup;
			children = (
				EDB3F00B1C9372180000C8DD /* My Rock Pet */,
				EDB3F0201C9372180000C8DD /* My Rock PetTests */,
				EDB3F02B1C9372180000C8DD /* My Rock PetUITests */,
				EDB3F00A1C9372180000C8DD /* Products */,
			);
			sourceTree = "<group>";
		};
		EDB3F00A1C9372180000C8DD /* Products */ = {
			isa = PBXGroup;
			children = (
				EDB3F0091C9372180000C8DD /* My Rock Pet.app */,
				EDB3F01D1C9372180000C8DD /* My Rock PetTests.xctest */,
				EDB3F0281C9372180000C8DD /* My Rock PetUITests.xctest */,
			);
			name = Products;
			sourceTree = "<group>";
		};
		EDB3F00B1C9372180000C8DD /* My Rock Pet */ = {
			isa = PBXGroup;
			children = (
				EDB3F03A1C9372F10000C8DD /* bite.wav */,
				EDB3F03B1C9372F10000C8DD /* cave-music.mp3 */,
				EDB3F03C1C9372F10000C8DD /* death.wav */,
				EDB3F03D1C9372F10000C8DD /* heart.wav */,
				EDB3F03E1C9372F10000C8DD /* skull.wav */,
				EDB3F00C1C9372180000C8DD /* AppDelegate.swift */,
				EDB3F00E1C9372180000C8DD /* ViewController.swift */,
				EDB3F0441C9381090000C8DD /* Pet.swift */,
				EDB3F0461C9385510000C8DD /* DraggableImage.swift */,
				EDB3F0101C9372180000C8DD /* Main.storyboard */,
				EDB3F0131C9372180000C8DD /* Assets.xcassets */,
				EDB3F0151C9372180000C8DD /* LaunchScreen.storyboard */,
				EDB3F0181C9372180000C8DD /* Info.plist */,
			);
			path = "My Rock Pet";
			sourceTree = "<group>";
		};
		EDB3F0201C9372180000C8DD /* My Rock PetTests */ = {
			isa = PBXGroup;
			children = (
				EDB3F0211C9372180000C8DD /* My_Rock_PetTests.swift */,
				EDB3F0231C9372180000C8DD /* Info.plist */,
			);
			path = "My Rock PetTests";
			sourceTree = "<group>";
		};
		EDB3F02B1C9372180000C8DD /* My Rock PetUITests */ = {
			isa = PBXGroup;
			children = (
				EDB3F02C1C9372180000C8DD /* My_Rock_PetUITests.swift */,
				EDB3F02E1C9372180000C8DD /* Info.plist */,
			);
			path = "My Rock PetUITests";
			sourceTree = "<group>";
		};
/* End PBXGroup section */

/* Begin PBXNativeTarget section */
		EDB3F0081C9372180000C8DD /* My Rock Pet */ = {
			isa = PBXNativeTarget;
			buildConfigurationList = EDB3F0311C9372180000C8DD /* Build configuration list for PBXNativeTarget "My Rock Pet" */;
			buildPhases = (
				EDB3F0051C9372180000C8DD /* Sources */,
				EDB3F0061C9372180000C8DD /* Frameworks */,
				EDB3F0071C9372180000C8DD /* Resources */,
			);
			buildRules = (
			);
			dependencies = (
			);
			name = "My Rock Pet";
			productName = "My Rock Pet";
			productReference = EDB3F0091C9372180000C8DD /* My Rock Pet.app */;
			productType = "com.apple.product-type.application";
		};
		EDB3F01C1C9372180000C8DD /* My Rock PetTests */ = {
			isa = PBXNativeTarget;
			buildConfigurationList = EDB3F0341C9372180000C8DD /* Build configuration list for PBXNativeTarget "My Rock PetTests" */;
			buildPhases = (
				EDB3F0191C9372180000C8DD /* Sources */,
				EDB3F01A1C9372180000C8DD /* Frameworks */,
				EDB3F01B1C9372180000C8DD /* Resources */,
			);
			buildRules = (
			);
			dependencies = (
				EDB3F01F1C9372180000C8DD /* PBXTargetDependency */,
			);
			name = "My Rock PetTests";
			productName = "My Rock PetTests";
			productReference = EDB3F01D1C9372180000C8DD /* My Rock PetTests.xctest */;
			productType = "com.apple.product-type.bundle.unit-test";
		};
		EDB3F0271C9372180000C8DD /* My Rock PetUITests */ = {
			isa = PBXNativeTarget;
			buildConfigurationList = EDB3F0371C9372180000C8DD /* Build configuration list for PBXNativeTarget "My Rock PetUITests" */;
			buildPhases = (
				EDB3F0241C9372180000C8DD /* Sources */,
				EDB3F0251C9372180000C8DD /* Frameworks */,
				EDB3F0261C9372180000C8DD /* Resources */,
			);
			buildRules = (
			);
			dependencies = (
				EDB3F02A1C9372180000C8DD /* PBXTargetDependency */,
			);
			name = "My Rock PetUITests";
			productName = "My Rock PetUITests";
			productReference = EDB3F0281C9372180000C8DD /* My Rock PetUITests.xctest */;
			productType = "com.apple.product-type.bundle.ui-testing";
		};
/* End PBXNativeTarget section */

/* Begin PBXProject section */
		EDB3F0011C9372180000C8DD /* Project object */ = {
			isa = PBXProject;
			attributes = {
				LastSwiftUpdateCheck = 0710;
				LastUpgradeCheck = 0710;
				ORGANIZATIONNAME = Ant;
				TargetAttributes = {
					EDB3F0081C9372180000C8DD = {
						CreatedOnToolsVersion = 7.1.1;
					};
					EDB3F01C1C9372180000C8DD = {
						CreatedOnToolsVersion = 7.1.1;
						TestTargetID = EDB3F0081C9372180000C8DD;
					};
					EDB3F0271C9372180000C8DD = {
						CreatedOnToolsVersion = 7.1.1;
						TestTargetID = EDB3F0081C9372180000C8DD;
					};
				};
			};
			buildConfigurationList = EDB3F0041C9372180000C8DD /* Build configuration list for PBXProject "My Rock Pet" */;
			compatibilityVersion = "Xcode 3.2";
			developmentRegion = English;
			hasScannedForEncodings = 0;
			knownRegions = (
				en,
				Base,
			);
			mainGroup = EDB3F0001C9372180000C8DD;
			productRefGroup = EDB3F00A1C9372180000C8DD /* Products */;
			projectDirPath = "";
			projectRoot = "";
			targets = (
				EDB3F0081C9372180000C8DD /* My Rock Pet */,
				EDB3F01C1C9372180000C8DD /* My Rock PetTests */,
				EDB3F0271C9372180000C8DD /* My Rock PetUITests */,
			);
		};
/* End PBXProject section */

/* Begin PBXResourcesBuildPhase section */
		EDB3F0071C9372180000C8DD /* Resources */ = {
			isa = PBXResourcesBuildPhase;
			buildActionMask = 2147483647;
			files = (
				EDB3F0431C9372F10000C8DD /* skull.wav in Resources */,
				EDB3F03F1C9372F10000C8DD /* bite.wav in Resources */,
				EDB3F0411C9372F10000C8DD /* death.wav in Resources */,
				EDB3F0421C9372F10000C8DD /* heart.wav in Resources */,
				EDB3F0401C9372F10000C8DD /* cave-music.mp3 in Resources */,
				EDB3F0171C9372180000C8DD /* LaunchScreen.storyboard in Resources */,
				EDB3F0141C9372180000C8DD /* Assets.xcassets in Resources */,
				EDB3F0121C9372180000C8DD /* Main.storyboard in Resources */,
			);
			runOnlyForDeploymentPostprocessing = 0;
		};
		EDB3F01B1C9372180000C8DD /* Resources */ = {
			isa = PBXResourcesBuildPhase;
			buildActionMask = 2147483647;
			files = (
			);
			runOnlyForDeploymentPostprocessing = 0;
		};
		EDB3F0261C9372180000C8DD /* Resources */ = {
			isa = PBXResourcesBuildPhase;
			buildActionMask = 2147483647;
			files = (
			);
			runOnlyForDeploymentPostprocessing = 0;
		};
/* End PBXResourcesBuildPhase section */

/* Begin PBXSourcesBuildPhase section */
		EDB3F0051C9372180000C8DD /* Sources */ = {
			isa = PBXSourcesBuildPhase;
			buildActionMask = 2147483647;
			files = (
				EDB3F0451C9381090000C8DD /* Pet.swift in Sources */,
				EDB3F00F1C9372180000C8DD /* ViewController.swift in Sources */,
				EDB3F00D1C9372180000C8DD /* AppDelegate.swift in Sources */,
				EDB3F0471C9385510000C8DD /* DraggableImage.swift in Sources */,
			);
			runOnlyForDeploymentPostprocessing = 0;
		};
		EDB3F0191C9372180000C8DD /* Sources */ = {
			isa = PBXSourcesBuildPhase;
			buildActionMask = 2147483647;
			files = (
				EDB3F0221C9372180000C8DD /* My_Rock_PetTests.swift in Sources */,
			);
			runOnlyForDeploymentPostprocessing = 0;
		};
		EDB3F0241C9372180000C8DD /* Sources */ = {
			isa = PBXSourcesBuildPhase;
			buildActionMask = 2147483647;
			files = (
				EDB3F02D1C9372180000C8DD /* My_Rock_PetUITests.swift in Sources */,
			);
			runOnlyForDeploymentPostprocessing = 0;
		};
/* End PBXSourcesBuildPhase section */

/* Begin PBXTargetDependency section */
		EDB3F01F1C9372180000C8DD /* PBXTargetDependency */ = {
			isa = PBXTargetDependency;
			target = EDB3F0081C9372180000C8DD /* My Rock Pet */;
			targetProxy = EDB3F01E1C9372180000C8DD /* PBXContainerItemProxy */;
		};
		EDB3F02A1C9372180000C8DD /* PBXTargetDependency */ = {
			isa = PBXTargetDependency;
			target = EDB3F0081C9372180000C8DD /* My Rock Pet */;
			targetProxy = EDB3F0291C9372180000C8DD /* PBXContainerItemProxy */;
		};
/* End PBXTargetDependency section */

/* Begin PBXVariantGroup section */
		EDB3F0101C9372180000C8DD /* Main.storyboard */ = {
			isa = PBXVariantGroup;
			children = (
				EDB3F0111C9372180000C8DD /* Base */,
			);
			name = Main.storyboard;
			sourceTree = "<group>";
		};
		EDB3F0151C9372180000C8DD /* LaunchScreen.storyboard */ = {
			isa = PBXVariantGroup;
			children = (
				EDB3F0161C9372180000C8DD /* Base */,
			);
			name = LaunchScreen.storyboard;
			sourceTree = "<group>";
		};
/* End PBXVariantGroup section */

/* Begin XCBuildConfiguration section */
		EDB3F02F1C9372180000C8DD /* Debug */ = {
			isa = XCBuildConfiguration;
			buildSettings = {
				ALWAYS_SEARCH_USER_PATHS = NO;
				CLANG_CXX_LANGUAGE_STANDARD = "gnu++0x";
				CLANG_CXX_LIBRARY = "libc++";
				CLANG_ENABLE_MODULES = YES;
				CLANG_ENABLE_OBJC_ARC = YES;
				CLANG_WARN_BOOL_CONVERSION = YES;
				CLANG_WARN_CONSTANT_CONVERSION = YES;
				CLANG_WARN_DIRECT_OBJC_ISA_USAGE = YES_ERROR;
				CLANG_WARN_EMPTY_BODY = YES;
				CLANG_WARN_ENUM_CONVERSION = YES;
				CLANG_WARN_INT_CONVERSION = YES;
				CLANG_WARN_OBJC_ROOT_CLASS = YES_ERROR;
				CLANG_WARN_UNREACHABLE_CODE = YES;
				CLANG_WARN__DUPLICATE_METHOD_MATCH = YES;
				"CODE_SIGN_IDENTITY[sdk=iphoneos*]" = "iPhone Developer";
				COPY_PHASE_STRIP = NO;
				DEBUG_INFORMATION_FORMAT = dwarf;
				ENABLE_STRICT_OBJC_MSGSEND = YES;
				ENABLE_TESTABILITY = YES;
				GCC_C_LANGUAGE_STANDARD = gnu99;
				GCC_DYNAMIC_NO_PIC = NO;
				GCC_NO_COMMON_BLOCKS = YES;
				GCC_OPTIMIZATION_LEVEL = 0;
				GCC_PREPROCESSOR_DEFINITIONS = (
					"DEBUG=1",
					"$(inherited)",
				);
				GCC_WARN_64_TO_32_BIT_CONVERSION = YES;
				GCC_WARN_ABOUT_RETURN_TYPE = YES_ERROR;
				GCC_WARN_UNDECLARED_SELECTOR = YES;
				GCC_WARN_UNINITIALIZED_AUTOS = YES_AGGRESSIVE;
				GCC_WARN_UNUSED_FUNCTION = YES;
				GCC_WARN_UNUSED_VARIABLE = YES;
				IPHONEOS_DEPLOYMENT_TARGET = 9.1;
				MTL_ENABLE_DEBUG_INFO = YES;
				ONLY_ACTIVE_ARCH = YES;
				SDKROOT = iphoneos;
				SWIFT_OPTIMIZATION_LEVEL = "-Onone";
				TARGETED_DEVICE_FAMILY = "1,2";
			};
			name = Debug;
		};
		EDB3F0301C9372180000C8DD /* Release */ = {
			isa = XCBuildConfiguration;
			buildSettings = {
				ALWAYS_SEARCH_USER_PATHS = NO;
				CLANG_CXX_LANGUAGE_STANDARD = "gnu++0x";
				CLANG_CXX_LIBRARY = "libc++";
				CLANG_ENABLE_MODULES = YES;
				CLANG_ENABLE_OBJC_ARC = YES;
				CLANG_WARN_BOOL_CONVERSION = YES;
				CLANG_WARN_CONSTANT_CONVERSION = YES;
				CLANG_WARN_DIRECT_OBJC_ISA_USAGE = YES_ERROR;
				CLANG_WARN_EMPTY_BODY = YES;
				CLANG_WARN_ENUM_CONVERSION = YES;
				CLANG_WARN_INT_CONVERSION = YES;
				CLANG_WARN_OBJC_ROOT_CLASS = YES_ERROR;
				CLANG_WARN_UNREACHABLE_CODE = YES;
				CLANG_WARN__DUPLICATE_METHOD_MATCH = YES;
				"CODE_SIGN_IDENTITY[sdk=iphoneos*]" = "iPhone Developer";
				COPY_PHASE_STRIP = NO;
				DEBUG_INFORMATION_FORMAT = "dwarf-with-dsym";
				ENABLE_NS_ASSERTIONS = NO;
				ENABLE_STRICT_OBJC_MSGSEND = YES;
				GCC_C_LANGUAGE_STANDARD = gnu99;
				GCC_NO_COMMON_BLOCKS = YES;
				GCC_WARN_64_TO_32_BIT_CONVERSION = YES;
				GCC_WARN_ABOUT_RETURN_TYPE = YES_ERROR;
				GCC_WARN_UNDECLARED_SELECTOR = YES;
				GCC_WARN_UNINITIALIZED_AUTOS = YES_AGGRESSIVE;
				GCC_WARN_UNUSED_FUNCTION = YES;
				GCC_WARN_UNUSED_VARIABLE = YES;
				IPHONEOS_DEPLOYMENT_TARGET = 9.1;
				MTL_ENABLE_DEBUG_INFO = NO;
				SDKROOT = iphoneos;
				TARGETED_DEVICE_FAMILY = "1,2";
				VALIDATE_PRODUCT = YES;
			};
			name = Release;
		};
		EDB3F0321C9372180000C8DD /* Debug */ = {
			isa = XCBuildConfiguration;
			buildSettings = {
				ASSETCATALOG_COMPILER_APPICON_NAME = AppIcon;
				INFOPLIST_FILE = "My Rock Pet/Info.plist";
				LD_RUNPATH_SEARCH_PATHS = "$(inherited) @executable_path/Frameworks";
				PRODUCT_BUNDLE_IDENTIFIER = "pw.chengkang.My-Rock-Pet";
				PRODUCT_NAME = "$(TARGET_NAME)";
			};
			name = Debug;
		};
		EDB3F0331C9372180000C8DD /* Release */ = {
			isa = XCBuildConfiguration;
			buildSettings = {
				ASSETCATALOG_COMPILER_APPICON_NAME = AppIcon;
				INFOPLIST_FILE = "My Rock Pet/Info.plist";
				LD_RUNPATH_SEARCH_PATHS = "$(inherited) @executable_path/Frameworks";
				PRODUCT_BUNDLE_IDENTIFIER = "pw.chengkang.My-Rock-Pet";
				PRODUCT_NAME = "$(TARGET_NAME)";
			};
			name = Release;
		};
		EDB3F0351C9372180000C8DD /* Debug */ = {
			isa = XCBuildConfiguration;
			buildSettings = {
				BUNDLE_LOADER = "$(TEST_HOST)";
				INFOPLIST_FILE = "My Rock PetTests/Info.plist";
				LD_RUNPATH_SEARCH_PATHS = "$(inherited) @executable_path/Frameworks @loader_path/Frameworks";
				PRODUCT_BUNDLE_IDENTIFIER = "pw.chengkang.My-Rock-PetTests";
				PRODUCT_NAME = "$(TARGET_NAME)";
				TEST_HOST = "$(BUILT_PRODUCTS_DIR)/My Rock Pet.app/My Rock Pet";
			};
			name = Debug;
		};
		EDB3F0361C9372180000C8DD /* Release */ = {
			isa = XCBuildConfiguration;
			buildSettings = {
				BUNDLE_LOADER = "$(TEST_HOST)";
				INFOPLIST_FILE = "My Rock PetTests/Info.plist";
				LD_RUNPATH_SEARCH_PATHS = "$(inherited) @executable_path/Frameworks @loader_path/Frameworks";
				PRODUCT_BUNDLE_IDENTIFIER = "pw.chengkang.My-Rock-PetTests";
				PRODUCT_NAME = "$(TARGET_NAME)";
				TEST_HOST = "$(BUILT_PRODUCTS_DIR)/My Rock Pet.app/My Rock Pet";
			};
			name = Release;
		};
		EDB3F0381C9372180000C8DD /* Debug */ = {
			isa = XCBuildConfiguration;
			buildSettings = {
				INFOPLIST_FILE = "My Rock PetUITests/Info.plist";
				LD_RUNPATH_SEARCH_PATHS = "$(inherited) @executable_path/Frameworks @loader_path/Frameworks";
				PRODUCT_BUNDLE_IDENTIFIER = "pw.chengkang.My-Rock-PetUITests";
				PRODUCT_NAME = "$(TARGET_NAME)";
				TEST_TARGET_NAME = "My Rock Pet";
				USES_XCTRUNNER = YES;
			};
			name = Debug;
		};
		EDB3F0391C9372180000C8DD /* Release */ = {
			isa = XCBuildConfiguration;
			buildSettings = {
				INFOPLIST_FILE = "My Rock PetUITests/Info.plist";
				LD_RUNPATH_SEARCH_PATHS = "$(inherited) @executable_path/Frameworks @loader_path/Frameworks";
				PRODUCT_BUNDLE_IDENTIFIER = "pw.chengkang.My-Rock-PetUITests";
				PRODUCT_NAME = "$(TARGET_NAME)";
				TEST_TARGET_NAME = "My Rock Pet";
				USES_XCTRUNNER = YES;
			};
			name = Release;
		};
/* End XCBuildConfiguration section */

/* Begin XCConfigurationList section */
		EDB3F0041C9372180000C8DD /* Build configuration list for PBXProject "My Rock Pet" */ = {
			isa = XCConfigurationList;
			buildConfigurations = (
				EDB3F02F1C9372180000C8DD /* Debug */,
				EDB3F0301C9372180000C8DD /* Release */,
			);
			defaultConfigurationIsVisible = 0;
			defaultConfigurationName = Release;
		};
		EDB3F0311C9372180000C8DD /* Build configuration list for PBXNativeTarget "My Rock Pet" */ = {
			isa = XCConfigurationList;
			buildConfigurations = (
				EDB3F0321C9372180000C8DD /* Debug */,
				EDB3F0331C9372180000C8DD /* Release */,
			);
			defaultConfigurationIsVisible = 0;
			defaultConfigurationName = Release;
		};
		EDB3F0341C9372180000C8DD /* Build configuration list for PBXNativeTarget "My Rock PetTests" */ = {
			isa = XCConfigurationList;
			buildConfigurations = (
				EDB3F0351C9372180000C8DD /* Debug */,
				EDB3F0361C9372180000C8DD /* Release */,
			);
			defaultConfigurationIsVisible = 0;
			defaultConfigurationName = Release;
		};
		EDB3F0371C9372180000C8DD /* Build configuration list for PBXNativeTarget "My Rock PetUITests" */ = {
			isa = XCConfigurationList;
			buildConfigurations = (
				EDB3F0381C9372180000C8DD /* Debug */,
				EDB3F0391C9372180000C8DD /* Release */,
			);
			defaultConfigurationIsVisible = 0;
			defaultConfigurationName = Release;
		};
/* End XCConfigurationList section */
	};
	rootObject = EDB3F0011C9372180000C8DD /* Project object */;
}
