// !$*UTF8*$!
{
	archiveVersion = 1;
	classes = {
	};
	objectVersion = 46;
	objects = {

/* Begin PBXBuildFile section */
		EDB3F08F1C95CE240000C8DD /* AppDelegate.swift in Sources */ = {isa = PBXBuildFile; fileRef = EDB3F08E1C95CE240000C8DD /* AppDelegate.swift */; };
		EDB3F0911C95CE240000C8DD /* ViewController.swift in Sources */ = {isa = PBXBuildFile; fileRef = EDB3F0901C95CE240000C8DD /* ViewController.swift */; };
		EDB3F0941C95CE240000C8DD /* Main.storyboard in Resources */ = {isa = PBXBuildFile; fileRef = EDB3F0921C95CE240000C8DD /* Main.storyboard */; };
		EDB3F0961C95CE240000C8DD /* Assets.xcassets in Resources */ = {isa = PBXBuildFile; fileRef = EDB3F0951C95CE240000C8DD /* Assets.xcassets */; };
		EDB3F0991C95CE240000C8DD /* LaunchScreen.storyboard in Resources */ = {isa = PBXBuildFile; fileRef = EDB3F0971C95CE240000C8DD /* LaunchScreen.storyboard */; };
		EDB3F0A41C95CE240000C8DD /* StoreDataOnDiskTests.swift in Sources */ = {isa = PBXBuildFile; fileRef = EDB3F0A31C95CE240000C8DD /* StoreDataOnDiskTests.swift */; };
		EDB3F0AF1C95CE240000C8DD /* StoreDataOnDiskUITests.swift in Sources */ = {isa = PBXBuildFile; fileRef = EDB3F0AE1C95CE240000C8DD /* StoreDataOnDiskUITests.swift */; };
		EDB3F0BD1C95D17A0000C8DD /* Person.swift in Sources */ = {isa = PBXBuildFile; fileRef = EDB3F0BC1C95D17A0000C8DD /* Person.swift */; };
/* End PBXBuildFile section */

/* Begin PBXContainerItemProxy section */
		EDB3F0A01C95CE240000C8DD /* PBXContainerItemProxy */ = {
			isa = PBXContainerItemProxy;
			containerPortal = EDB3F0831C95CE240000C8DD /* Project object */;
			proxyType = 1;
			remoteGlobalIDString = EDB3F08A1C95CE240000C8DD;
			remoteInfo = StoreDataOnDisk;
		};
		EDB3F0AB1C95CE240000C8DD /* PBXContainerItemProxy */ = {
			isa = PBXContainerItemProxy;
			containerPortal = EDB3F0831C95CE240000C8DD /* Project object */;
			proxyType = 1;
			remoteGlobalIDString = EDB3F08A1C95CE240000C8DD;
			remoteInfo = StoreDataOnDisk;
		};
/* End PBXContainerItemProxy section */

/* Begin PBXFileReference section */
		EDB3F08B1C95CE240000C8DD /* StoreDataOnDisk.app */ = {isa = PBXFileReference; explicitFileType = wrapper.application; includeInIndex = 0; path = StoreDataOnDisk.app; sourceTree = BUILT_PRODUCTS_DIR; };
		EDB3F08E1C95CE240000C8DD /* AppDelegate.swift */ = {isa = PBXFileReference; lastKnownFileType = sourcecode.swift; path = AppDelegate.swift; sourceTree = "<group>"; };
		EDB3F0901C95CE240000C8DD /* ViewController.swift */ = {isa = PBXFileReference; lastKnownFileType = sourcecode.swift; path = ViewController.swift; sourceTree = "<group>"; };
		EDB3F0931C95CE240000C8DD /* Base */ = {isa = PBXFileReference; lastKnownFileType = file.storyboard; name = Base; path = Base.lproj/Main.storyboard; sourceTree = "<group>"; };
		EDB3F0951C95CE240000C8DD /* Assets.xcassets */ = {isa = PBXFileReference; lastKnownFileType = folder.assetcatalog; path = Assets.xcassets; sourceTree = "<group>"; };
		EDB3F0981C95CE240000C8DD /* Base */ = {isa = PBXFileReference; lastKnownFileType = file.storyboard; name = Base; path = Base.lproj/LaunchScreen.storyboard; sourceTree = "<group>"; };
		EDB3F09A1C95CE240000C8DD /* Info.plist */ = {isa = PBXFileReference; lastKnownFileType = text.plist.xml; path = Info.plist; sourceTree = "<group>"; };
		EDB3F09F1C95CE240000C8DD /* StoreDataOnDiskTests.xctest */ = {isa = PBXFileReference; explicitFileType = wrapper.cfbundle; includeInIndex = 0; path = StoreDataOnDiskTests.xctest; sourceTree = BUILT_PRODUCTS_DIR; };
		EDB3F0A31C95CE240000C8DD /* StoreDataOnDiskTests.swift */ = {isa = PBXFileReference; lastKnownFileType = sourcecode.swift; path = StoreDataOnDiskTests.swift; sourceTree = "<group>"; };
		EDB3F0A51C95CE240000C8DD /* Info.plist */ = {isa = PBXFileReference; lastKnownFileType = text.plist.xml; path = Info.plist; sourceTree = "<group>"; };
		EDB3F0AA1C95CE240000C8DD /* StoreDataOnDiskUITests.xctest */ = {isa = PBXFileReference; explicitFileType = wrapper.cfbundle; includeInIndex = 0; path = StoreDataOnDiskUITests.xctest; sourceTree = BUILT_PRODUCTS_DIR; };
		EDB3F0AE1C95CE240000C8DD /* StoreDataOnDiskUITests.swift */ = {isa = PBXFileReference; lastKnownFileType = sourcecode.swift; path = StoreDataOnDiskUITests.swift; sourceTree = "<group>"; };
		EDB3F0B01C95CE240000C8DD /* Info.plist */ = {isa = PBXFileReference; lastKnownFileType = text.plist.xml; path = Info.plist; sourceTree = "<group>"; };
		EDB3F0BC1C95D17A0000C8DD /* Person.swift */ = {isa = PBXFileReference; fileEncoding = 4; lastKnownFileType = sourcecode.swift; path = Person.swift; sourceTree = "<group>"; };
/* End PBXFileReference section */

/* Begin PBXFrameworksBuildPhase section */
		EDB3F0881C95CE240000C8DD /* Frameworks */ = {
			isa = PBXFrameworksBuildPhase;
			buildActionMask = 2147483647;
			files = (
			);
			runOnlyForDeploymentPostprocessing = 0;
		};
		EDB3F09C1C95CE240000C8DD /* Frameworks */ = {
			isa = PBXFrameworksBuildPhase;
			buildActionMask = 2147483647;
			files = (
			);
			runOnlyForDeploymentPostprocessing = 0;
		};
		EDB3F0A71C95CE240000C8DD /* Frameworks */ = {
			isa = PBXFrameworksBuildPhase;
			buildActionMask = 2147483647;
			files = (
			);
			runOnlyForDeploymentPostprocessing = 0;
		};
/* End PBXFrameworksBuildPhase section */

/* Begin PBXGroup section */
		EDB3F0821C95CE240000C8DD = {
			isa = PBXGroup;
			children = (
				EDB3F08D1C95CE240000C8DD /* StoreDataOnDisk */,
				EDB3F0A21C95CE240000C8DD /* StoreDataOnDiskTests */,
				EDB3F0AD1C95CE240000C8DD /* StoreDataOnDiskUITests */,
				EDB3F08C1C95CE240000C8DD /* Products */,
			);
			sourceTree = "<group>";
		};
		EDB3F08C1C95CE240000C8DD /* Products */ = {
			isa = PBXGroup;
			children = (
				EDB3F08B1C95CE240000C8DD /* StoreDataOnDisk.app */,
				EDB3F09F1C95CE240000C8DD /* StoreDataOnDiskTests.xctest */,
				EDB3F0AA1C95CE240000C8DD /* StoreDataOnDiskUITests.xctest */,
			);
			name = Products;
			sourceTree = "<group>";
		};
		EDB3F08D1C95CE240000C8DD /* StoreDataOnDisk */ = {
			isa = PBXGroup;
			children = (
				EDB3F08E1C95CE240000C8DD /* AppDelegate.swift */,
				EDB3F0901C95CE240000C8DD /* ViewController.swift */,
				EDB3F0921C95CE240000C8DD /* Main.storyboard */,
				EDB3F0951C95CE240000C8DD /* Assets.xcassets */,
				EDB3F0971C95CE240000C8DD /* LaunchScreen.storyboard */,
				EDB3F09A1C95CE240000C8DD /* Info.plist */,
				EDB3F0BC1C95D17A0000C8DD /* Person.swift */,
			);
			path = StoreDataOnDisk;
			sourceTree = "<group>";
		};
		EDB3F0A21C95CE240000C8DD /* StoreDataOnDiskTests */ = {
			isa = PBXGroup;
			children = (
				EDB3F0A31C95CE240000C8DD /* StoreDataOnDiskTests.swift */,
				EDB3F0A51C95CE240000C8DD /* Info.plist */,
			);
			path = StoreDataOnDiskTests;
			sourceTree = "<group>";
		};
		EDB3F0AD1C95CE240000C8DD /* StoreDataOnDiskUITests */ = {
			isa = PBXGroup;
			children = (
				EDB3F0AE1C95CE240000C8DD /* StoreDataOnDiskUITests.swift */,
				EDB3F0B01C95CE240000C8DD /* Info.plist */,
			);
			path = StoreDataOnDiskUITests;
			sourceTree = "<group>";
		};
/* End PBXGroup section */

/* Begin PBXNativeTarget section */
		EDB3F08A1C95CE240000C8DD /* StoreDataOnDisk */ = {
			isa = PBXNativeTarget;
			buildConfigurationList = EDB3F0B31C95CE240000C8DD /* Build configuration list for PBXNativeTarget "StoreDataOnDisk" */;
			buildPhases = (
				EDB3F0871C95CE240000C8DD /* Sources */,
				EDB3F0881C95CE240000C8DD /* Frameworks */,
				EDB3F0891C95CE240000C8DD /* Resources */,
			);
			buildRules = (
			);
			dependencies = (
			);
			name = StoreDataOnDisk;
			productName = StoreDataOnDisk;
			productReference = EDB3F08B1C95CE240000C8DD /* StoreDataOnDisk.app */;
			productType = "com.apple.product-type.application";
		};
		EDB3F09E1C95CE240000C8DD /* StoreDataOnDiskTests */ = {
			isa = PBXNativeTarget;
			buildConfigurationList = EDB3F0B61C95CE240000C8DD /* Build configuration list for PBXNativeTarget "StoreDataOnDiskTests" */;
			buildPhases = (
				EDB3F09B1C95CE240000C8DD /* Sources */,
				EDB3F09C1C95CE240000C8DD /* Frameworks */,
				EDB3F09D1C95CE240000C8DD /* Resources */,
			);
			buildRules = (
			);
			dependencies = (
				EDB3F0A11C95CE240000C8DD /* PBXTargetDependency */,
			);
			name = StoreDataOnDiskTests;
			productName = StoreDataOnDiskTests;
			productReference = EDB3F09F1C95CE240000C8DD /* StoreDataOnDiskTests.xctest */;
			productType = "com.apple.product-type.bundle.unit-test";
		};
		EDB3F0A91C95CE240000C8DD /* StoreDataOnDiskUITests */ = {
			isa = PBXNativeTarget;
			buildConfigurationList = EDB3F0B91C95CE240000C8DD /* Build configuration list for PBXNativeTarget "StoreDataOnDiskUITests" */;
			buildPhases = (
				EDB3F0A61C95CE240000C8DD /* Sources */,
				EDB3F0A71C95CE240000C8DD /* Frameworks */,
				EDB3F0A81C95CE240000C8DD /* Resources */,
			);
			buildRules = (
			);
			dependencies = (
				EDB3F0AC1C95CE240000C8DD /* PBXTargetDependency */,
			);
			name = StoreDataOnDiskUITests;
			productName = StoreDataOnDiskUITests;
			productReference = EDB3F0AA1C95CE240000C8DD /* StoreDataOnDiskUITests.xctest */;
			productType = "com.apple.product-type.bundle.ui-testing";
		};
/* End PBXNativeTarget section */

/* Begin PBXProject section */
		EDB3F0831C95CE240000C8DD /* Project object */ = {
			isa = PBXProject;
			attributes = {
				LastSwiftUpdateCheck = 0710;
				LastUpgradeCheck = 0710;
				ORGANIZATIONNAME = Ant;
				TargetAttributes = {
					EDB3F08A1C95CE240000C8DD = {
						CreatedOnToolsVersion = 7.1.1;
					};
					EDB3F09E1C95CE240000C8DD = {
						CreatedOnToolsVersion = 7.1.1;
						TestTargetID = EDB3F08A1C95CE240000C8DD;
					};
					EDB3F0A91C95CE240000C8DD = {
						CreatedOnToolsVersion = 7.1.1;
						TestTargetID = EDB3F08A1C95CE240000C8DD;
					};
				};
			};
			buildConfigurationList = EDB3F0861C95CE240000C8DD /* Build configuration list for PBXProject "StoreDataOnDisk" */;
			compatibilityVersion = "Xcode 3.2";
			developmentRegion = English;
			hasScannedForEncodings = 0;
			knownRegions = (
				en,
				Base,
			);
			mainGroup = EDB3F0821C95CE240000C8DD;
			productRefGroup = EDB3F08C1C95CE240000C8DD /* Products */;
			projectDirPath = "";
			projectRoot = "";
			targets = (
				EDB3F08A1C95CE240000C8DD /* StoreDataOnDisk */,
				EDB3F09E1C95CE240000C8DD /* StoreDataOnDiskTests */,
				EDB3F0A91C95CE240000C8DD /* StoreDataOnDiskUITests */,
			);
		};
/* End PBXProject section */

/* Begin PBXResourcesBuildPhase section */
		EDB3F0891C95CE240000C8DD /* Resources */ = {
			isa = PBXResourcesBuildPhase;
			buildActionMask = 2147483647;
			files = (
				EDB3F0991C95CE240000C8DD /* LaunchScreen.storyboard in Resources */,
				EDB3F0961C95CE240000C8DD /* Assets.xcassets in Resources */,
				EDB3F0941C95CE240000C8DD /* Main.storyboard in Resources */,
			);
			runOnlyForDeploymentPostprocessing = 0;
		};
		EDB3F09D1C95CE240000C8DD /* Resources */ = {
			isa = PBXResourcesBuildPhase;
			buildActionMask = 2147483647;
			files = (
			);
			runOnlyForDeploymentPostprocessing = 0;
		};
		EDB3F0A81C95CE240000C8DD /* Resources */ = {
			isa = PBXResourcesBuildPhase;
			buildActionMask = 2147483647;
			files = (
			);
			runOnlyForDeploymentPostprocessing = 0;
		};
/* End PBXResourcesBuildPhase section */

/* Begin PBXSourcesBuildPhase section */
		EDB3F0871C95CE240000C8DD /* Sources */ = {
			isa = PBXSourcesBuildPhase;
			buildActionMask = 2147483647;
			files = (
				EDB3F0BD1C95D17A0000C8DD /* Person.swift in Sources */,
				EDB3F0911C95CE240000C8DD /* ViewController.swift in Sources */,
				EDB3F08F1C95CE240000C8DD /* AppDelegate.swift in Sources */,
			);
			runOnlyForDeploymentPostprocessing = 0;
		};
		EDB3F09B1C95CE240000C8DD /* Sources */ = {
			isa = PBXSourcesBuildPhase;
			buildActionMask = 2147483647;
			files = (
				EDB3F0A41C95CE240000C8DD /* StoreDataOnDiskTests.swift in Sources */,
			);
			runOnlyForDeploymentPostprocessing = 0;
		};
		EDB3F0A61C95CE240000C8DD /* Sources */ = {
			isa = PBXSourcesBuildPhase;
			buildActionMask = 2147483647;
			files = (
				EDB3F0AF1C95CE240000C8DD /* StoreDataOnDiskUITests.swift in Sources */,
			);
			runOnlyForDeploymentPostprocessing = 0;
		};
/* End PBXSourcesBuildPhase section */

/* Begin PBXTargetDependency section */
		EDB3F0A11C95CE240000C8DD /* PBXTargetDependency */ = {
			isa = PBXTargetDependency;
			target = EDB3F08A1C95CE240000C8DD /* StoreDataOnDisk */;
			targetProxy = EDB3F0A01C95CE240000C8DD /* PBXContainerItemProxy */;
		};
		EDB3F0AC1C95CE240000C8DD /* PBXTargetDependency */ = {
			isa = PBXTargetDependency;
			target = EDB3F08A1C95CE240000C8DD /* StoreDataOnDisk */;
			targetProxy = EDB3F0AB1C95CE240000C8DD /* PBXContainerItemProxy */;
		};
/* End PBXTargetDependency section */

/* Begin PBXVariantGroup section */
		EDB3F0921C95CE240000C8DD /* Main.storyboard */ = {
			isa = PBXVariantGroup;
			children = (
				EDB3F0931C95CE240000C8DD /* Base */,
			);
			name = Main.storyboard;
			sourceTree = "<group>";
		};
		EDB3F0971C95CE240000C8DD /* LaunchScreen.storyboard */ = {
			isa = PBXVariantGroup;
			children = (
				EDB3F0981C95CE240000C8DD /* Base */,
			);
			name = LaunchScreen.storyboard;
			sourceTree = "<group>";
		};
/* End PBXVariantGroup section */

/* Begin XCBuildConfiguration section */
		EDB3F0B11C95CE240000C8DD /* Debug */ = {
			isa = XCBuildConfiguration;
			buildSettings = {
				ALWAYS_SEARCH_USER_PATHS = NO;
				CLANG_CXX_LANGUAGE_STANDARD = "gnu++0x";
				CLANG_CXX_LIBRARY = "libc++";
				CLANG_ENABLE_MODULES = YES;
				CLANG_ENABLE_OBJC_ARC = YES;
				CLANG_WARN_BOOL_CONVERSION = YES;
				CLANG_WARN_CONSTANT_CONVERSION = YES;
				CLANG_WARN_DIRECT_OBJC_ISA_USAGE = YES_ERROR;
				CLANG_WARN_EMPTY_BODY = YES;
				CLANG_WARN_ENUM_CONVERSION = YES;
				CLANG_WARN_INT_CONVERSION = YES;
				CLANG_WARN_OBJC_ROOT_CLASS = YES_ERROR;
				CLANG_WARN_UNREACHABLE_CODE = YES;
				CLANG_WARN__DUPLICATE_METHOD_MATCH = YES;
				"CODE_SIGN_IDENTITY[sdk=iphoneos*]" = "iPhone Developer";
				COPY_PHASE_STRIP = NO;
				DEBUG_INFORMATION_FORMAT = dwarf;
				ENABLE_STRICT_OBJC_MSGSEND = YES;
				ENABLE_TESTABILITY = YES;
				GCC_C_LANGUAGE_STANDARD = gnu99;
				GCC_DYNAMIC_NO_PIC = NO;
				GCC_NO_COMMON_BLOCKS = YES;
				GCC_OPTIMIZATION_LEVEL = 0;
				GCC_PREPROCESSOR_DEFINITIONS = (
					"DEBUG=1",
					"$(inherited)",
				);
				GCC_WARN_64_TO_32_BIT_CONVERSION = YES;
				GCC_WARN_ABOUT_RETURN_TYPE = YES_ERROR;
				GCC_WARN_UNDECLARED_SELECTOR = YES;
				GCC_WARN_UNINITIALIZED_AUTOS = YES_AGGRESSIVE;
				GCC_WARN_UNUSED_FUNCTION = YES;
				GCC_WARN_UNUSED_VARIABLE = YES;
				IPHONEOS_DEPLOYMENT_TARGET = 9.1;
				MTL_ENABLE_DEBUG_INFO = YES;
				ONLY_ACTIVE_ARCH = YES;
				SDKROOT = iphoneos;
				SWIFT_OPTIMIZATION_LEVEL = "-Onone";
				TARGETED_DEVICE_FAMILY = "1,2";
			};
			name = Debug;
		};
		EDB3F0B21C95CE240000C8DD /* Release */ = {
			isa = XCBuildConfiguration;
			buildSettings = {
				ALWAYS_SEARCH_USER_PATHS = NO;
				CLANG_CXX_LANGUAGE_STANDARD = "gnu++0x";
				CLANG_CXX_LIBRARY = "libc++";
				CLANG_ENABLE_MODULES = YES;
				CLANG_ENABLE_OBJC_ARC = YES;
				CLANG_WARN_BOOL_CONVERSION = YES;
				CLANG_WARN_CONSTANT_CONVERSION = YES;
				CLANG_WARN_DIRECT_OBJC_ISA_USAGE = YES_ERROR;
				CLANG_WARN_EMPTY_BODY = YES;
				CLANG_WARN_ENUM_CONVERSION = YES;
				CLANG_WARN_INT_CONVERSION = YES;
				CLANG_WARN_OBJC_ROOT_CLASS = YES_ERROR;
				CLANG_WARN_UNREACHABLE_CODE = YES;
				CLANG_WARN__DUPLICATE_METHOD_MATCH = YES;
				"CODE_SIGN_IDENTITY[sdk=iphoneos*]" = "iPhone Developer";
				COPY_PHASE_STRIP = NO;
				DEBUG_INFORMATION_FORMAT = "dwarf-with-dsym";
				ENABLE_NS_ASSERTIONS = NO;
				ENABLE_STRICT_OBJC_MSGSEND = YES;
				GCC_C_LANGUAGE_STANDARD = gnu99;
				GCC_NO_COMMON_BLOCKS = YES;
				GCC_WARN_64_TO_32_BIT_CONVERSION = YES;
				GCC_WARN_ABOUT_RETURN_TYPE = YES_ERROR;
				GCC_WARN_UNDECLARED_SELECTOR = YES;
				GCC_WARN_UNINITIALIZED_AUTOS = YES_AGGRESSIVE;
				GCC_WARN_UNUSED_FUNCTION = YES;
				GCC_WARN_UNUSED_VARIABLE = YES;
				IPHONEOS_DEPLOYMENT_TARGET = 9.1;
				MTL_ENABLE_DEBUG_INFO = NO;
				SDKROOT = iphoneos;
				TARGETED_DEVICE_FAMILY = "1,2";
				VALIDATE_PRODUCT = YES;
			};
			name = Release;
		};
		EDB3F0B41C95CE240000C8DD /* Debug */ = {
			isa = XCBuildConfiguration;
			buildSettings = {
				ASSETCATALOG_COMPILER_APPICON_NAME = AppIcon;
				INFOPLIST_FILE = StoreDataOnDisk/Info.plist;
				LD_RUNPATH_SEARCH_PATHS = "$(inherited) @executable_path/Frameworks";
				PRODUCT_BUNDLE_IDENTIFIER = pw.chengkang.StoreDataOnDisk;
				PRODUCT_NAME = "$(TARGET_NAME)";
			};
			name = Debug;
		};
		EDB3F0B51C95CE240000C8DD /* Release */ = {
			isa = XCBuildConfiguration;
			buildSettings = {
				ASSETCATALOG_COMPILER_APPICON_NAME = AppIcon;
				INFOPLIST_FILE = StoreDataOnDisk/Info.plist;
				LD_RUNPATH_SEARCH_PATHS = "$(inherited) @executable_path/Frameworks";
				PRODUCT_BUNDLE_IDENTIFIER = pw.chengkang.StoreDataOnDisk;
				PRODUCT_NAME = "$(TARGET_NAME)";
			};
			name = Release;
		};
		EDB3F0B71C95CE240000C8DD /* Debug */ = {
			isa = XCBuildConfiguration;
			buildSettings = {
				BUNDLE_LOADER = "$(TEST_HOST)";
				INFOPLIST_FILE = StoreDataOnDiskTests/Info.plist;
				LD_RUNPATH_SEARCH_PATHS = "$(inherited) @executable_path/Frameworks @loader_path/Frameworks";
				PRODUCT_BUNDLE_IDENTIFIER = pw.chengkang.StoreDataOnDiskTests;
				PRODUCT_NAME = "$(TARGET_NAME)";
				TEST_HOST = "$(BUILT_PRODUCTS_DIR)/StoreDataOnDisk.app/StoreDataOnDisk";
			};
			name = Debug;
		};
		EDB3F0B81C95CE240000C8DD /* Release */ = {
			isa = XCBuildConfiguration;
			buildSettings = {
				BUNDLE_LOADER = "$(TEST_HOST)";
				INFOPLIST_FILE = StoreDataOnDiskTests/Info.plist;
				LD_RUNPATH_SEARCH_PATHS = "$(inherited) @executable_path/Frameworks @loader_path/Frameworks";
				PRODUCT_BUNDLE_IDENTIFIER = pw.chengkang.StoreDataOnDiskTests;
				PRODUCT_NAME = "$(TARGET_NAME)";
				TEST_HOST = "$(BUILT_PRODUCTS_DIR)/StoreDataOnDisk.app/StoreDataOnDisk";
			};
			name = Release;
		};
		EDB3F0BA1C95CE240000C8DD /* Debug */ = {
			isa = XCBuildConfiguration;
			buildSettings = {
				INFOPLIST_FILE = StoreDataOnDiskUITests/Info.plist;
				LD_RUNPATH_SEARCH_PATHS = "$(inherited) @executable_path/Frameworks @loader_path/Frameworks";
				PRODUCT_BUNDLE_IDENTIFIER = pw.chengkang.StoreDataOnDiskUITests;
				PRODUCT_NAME = "$(TARGET_NAME)";
				TEST_TARGET_NAME = StoreDataOnDisk;
				USES_XCTRUNNER = YES;
			};
			name = Debug;
		};
		EDB3F0BB1C95CE240000C8DD /* Release */ = {
			isa = XCBuildConfiguration;
			buildSettings = {
				INFOPLIST_FILE = StoreDataOnDiskUITests/Info.plist;
				LD_RUNPATH_SEARCH_PATHS = "$(inherited) @executable_path/Frameworks @loader_path/Frameworks";
				PRODUCT_BUNDLE_IDENTIFIER = pw.chengkang.StoreDataOnDiskUITests;
				PRODUCT_NAME = "$(TARGET_NAME)";
				TEST_TARGET_NAME = StoreDataOnDisk;
				USES_XCTRUNNER = YES;
			};
			name = Release;
		};
/* End XCBuildConfiguration section */

/* Begin XCConfigurationList section */
		EDB3F0861C95CE240000C8DD /* Build configuration list for PBXProject "StoreDataOnDisk" */ = {
			isa = XCConfigurationList;
			buildConfigurations = (
				EDB3F0B11C95CE240000C8DD /* Debug */,
				EDB3F0B21C95CE240000C8DD /* Release */,
			);
			defaultConfigurationIsVisible = 0;
			defaultConfigurationName = Release;
		};
		EDB3F0B31C95CE240000C8DD /* Build configuration list for PBXNativeTarget "StoreDataOnDisk" */ = {
			isa = XCConfigurationList;
			buildConfigurations = (
				EDB3F0B41C95CE240000C8DD /* Debug */,
				EDB3F0B51C95CE240000C8DD /* Release */,
			);
			defaultConfigurationIsVisible = 0;
		};
		EDB3F0B61C95CE240000C8DD /* Build configuration list for PBXNativeTarget "StoreDataOnDiskTests" */ = {
			isa = XCConfigurationList;
			buildConfigurations = (
				EDB3F0B71C95CE240000C8DD /* Debug */,
				EDB3F0B81C95CE240000C8DD /* Release */,
			);
			defaultConfigurationIsVisible = 0;
		};
		EDB3F0B91C95CE240000C8DD /* Build configuration list for PBXNativeTarget "StoreDataOnDiskUITests" */ = {
			isa = XCConfigurationList;
			buildConfigurations = (
				EDB3F0BA1C95CE240000C8DD /* Debug */,
				EDB3F0BB1C95CE240000C8DD /* Release */,
			);
			defaultConfigurationIsVisible = 0;
		};
/* End XCConfigurationList section */
	};
	rootObject = EDB3F0831C95CE240000C8DD /* Project object */;
}
